{"1.1.0",
[{<<"cowboy">>,
  {git,"https://github.com/ninenines/cowboy.git",
       {ref,"c4e43ec26ad5193b9665f159d294d133a2d34a85"}},
  0},
 {<<"cowlib">>,
  {git,"https://github.com/ninenines/cowlib",
       {ref,"e48f1cb34f5cc16844577ae55a9ebf0b7d08818a"}},
  1},
 {<<"econfig">>,
  {git,"https://github.com/benoitc/econfig.git",
       {ref,"84d7cec15f321c4ac5f5c6e08e5a9a8adea01986"}},
  0},
 {<<"ed25519">>,
  {git,"https://github.com/qiuqi/ed25519.git",
       {ref,"8f29e869ff25ed2257bb5d57a5b8e67184dff96a"}},
  0},
 {<<"eredis">>,
  {git,"https://github.com/wooga/eredis.git",
       {ref,"cbc013f516e464706493c01662e5e9dd82d1db01"}},
  1},
 {<<"eredis_pool">>,
  {git,"git://github.com/hiroeorz/eredis_pool.git",
       {ref,"bc37bcf72afd1e5c69635fadba020ee2a73087d1"}},
  0},
 {<<"goldrush">>,{pkg,<<"goldrush">>,<<"0.1.8">>},1},
 {<<"gun">>,
  {git,"https://github.com/ninenines/gun.git",
       {ref,"e58460252ef758042b69f87f36e1ce4033463659"}},
  0},
 {<<"lager">>,{pkg,<<"lager">>,<<"3.2.1">>},0},
 {<<"liberl">>,
  {git,"git://github.com/qiuqi/liberl.git",
       {ref,"b370d9a07480c2eec51aa7a575b5f37efa9b9518"}},
  0},
 {<<"mochiweb">>,
  {git,"git://github.com/mochi/mochiweb.git",
       {ref,"23dc11959affd9b0849c2ac0ff4200c1c82aa80c"}},
  1},
 {<<"poolboy">>,
  {git,"https://github.com/devinus/poolboy.git",
       {ref,"3bb48a893ff5598f7c73731ac17545206d259fac"}},
  1},
 {<<"ranch">>,
  {git,"https://github.com/ninenines/ranch",
       {ref,"55c2a9d623454f372a15e99721a37093d8773b48"}},
  1},
 {<<"salt">>,
  {git,"git://github.com/qiuqi/salt.git",
       {ref,"897a3b9eba5374da1f59a56b26a288708b8673fb"}},
  0},
 {<<"sqlite3">>,
  {git,"git://github.com/alexeyr/erlang-sqlite3",
       {ref,"7cf50f858975f9d493fdef2202c706240531caa1"}},
  0},
 {<<"sync">>,
  {git,"git://github.com/rustyio/sync.git",
       {ref,"7548dbffd3ed20a674bd423bd7131585ad66cd9e"}},
  0},
 {<<"uuid">>,
  {git,"git://github.com/avtobiff/erlang-uuid.git",
       {ref,"1fdc1b367902da71b774a34ae15690811ac17b99"}},
  0}]}.
[
{pkg_hash,[
 {<<"goldrush">>, <<"2024BA375CEEA47E27EA70E14D2C483B2D8610101B4E852EF7F89163CDB6E649">>},
 {<<"lager">>, <<"EEF4E18B39E4195D37606D9088EA05BF1B745986CF8EC84F01D332456FE88D17">>}]}
].
